
Microsoft Visual Studio Solution File, Format Version 12.00
# Visual Studio Version 17
VisualStudioVersion = 17.3.32929.385
MinimumVisualStudioVersion = 10.0.40219.1
Project("{FAE04EC0-301F-11D3-BF4B-00C04F79EFBC}") = "Task_7_2", "Task_7_2\Task_7_2.csproj", "{33179B4A-30B1-45C2-AAC5-6C6E41DB925B}"
EndProject
Global
	GlobalSection(SolutionConfigurationPlatforms) = preSolution
		Debug|Any CPU = Debug|Any CPU
		Release|Any CPU = Release|Any CPU
	EndGlobalSection
	GlobalSection(ProjectConfigurationPlatforms) = postSolution
		{33179B4A-30B1-45C2-AAC5-6C6E41DB925B}.Debug|Any CPU.ActiveCfg = Debug|Any CPU
		{33179B4A-30B1-45C2-AAC5-6C6E41DB925B}.Debug|Any CPU.Build.0 = Debug|Any CPU
		{33179B4A-30B1-45C2-AAC5-6C6E41DB925B}.Release|Any CPU.ActiveCfg = Release|Any CPU
		{33179B4A-30B1-45C2-AAC5-6C6E41DB925B}.Release|Any CPU.Build.0 = Release|Any CPU
	EndGlobalSection
	GlobalSection(SolutionProperties) = preSolution
		HideSolutionNode = FALSE
	EndGlobalSection
	GlobalSection(ExtensibilityGlobals) = postSolution
		SolutionGuid = {14641671-73F2-4635-920F-A76EBD2ED4C6}
	EndGlobalSection
EndGlobal
